// !$*UTF8*$!
{
	archiveVersion = 1;
	classes = {
	};
	objectVersion = 77;
	objects = {

/* Begin PBXContainerItemProxy section */
		3B08EF2A2CEFB2350044A295 /* PBXContainerItemProxy */ = {
			isa = PBXContainerItemProxy;
			containerPortal = 3B08EF112CEFB2340044A295 /* Project object */;
			proxyType = 1;
			remoteGlobalIDString = 3B08EF182CEFB2340044A295;
			remoteInfo = "COMP-49X-24-25-PhoneArt";
		};
		3B08EF342CEFB2350044A295 /* PBXContainerItemProxy */ = {
			isa = PBXContainerItemProxy;
			containerPortal = 3B08EF112CEFB2340044A295 /* Project object */;
			proxyType = 1;
			remoteGlobalIDString = 3B08EF182CEFB2340044A295;
			remoteInfo = "COMP-49X-24-25-PhoneArt";
		};
/* End PBXContainerItemProxy section */

/* Begin PBXFileReference section */
		3B08EF192CEFB2340044A295 /* COMP-49X-24-25-PhoneArt.app */ = {isa = PBXFileReference; explicitFileType = wrapper.application; includeInIndex = 0; path = "COMP-49X-24-25-PhoneArt.app"; sourceTree = BUILT_PRODUCTS_DIR; };
		3B08EF292CEFB2350044A295 /* COMP-49X-24-25-PhoneArtTests.xctest */ = {isa = PBXFileReference; explicitFileType = wrapper.cfbundle; includeInIndex = 0; path = "COMP-49X-24-25-PhoneArtTests.xctest"; sourceTree = BUILT_PRODUCTS_DIR; };
		3B08EF332CEFB2350044A295 /* COMP-49X-24-25-PhoneArtUITests.xctest */ = {isa = PBXFileReference; explicitFileType = wrapper.cfbundle; includeInIndex = 0; path = "COMP-49X-24-25-PhoneArtUITests.xctest"; sourceTree = BUILT_PRODUCTS_DIR; };
/* End PBXFileReference section */

/* Begin PBXFileSystemSynchronizedRootGroup section */
		3B08EF1B2CEFB2340044A295 /* COMP-49X-24-25-PhoneArt */ = {
			isa = PBXFileSystemSynchronizedRootGroup;
			path = "COMP-49X-24-25-PhoneArt";
			sourceTree = "<group>";
		};
		3B08EF2C2CEFB2350044A295 /* COMP-49X-24-25-PhoneArtTests */ = {
			isa = PBXFileSystemSynchronizedRootGroup;
			path = "COMP-49X-24-25-PhoneArtTests";
			sourceTree = "<group>";
		};
		3B08EF362CEFB2350044A295 /* COMP-49X-24-25-PhoneArtUITests */ = {
			isa = PBXFileSystemSynchronizedRootGroup;
			path = "COMP-49X-24-25-PhoneArtUITests";
			sourceTree = "<group>";
		};
/* End PBXFileSystemSynchronizedRootGroup section */

/* Begin PBXFrameworksBuildPhase section */
		3B08EF162CEFB2340044A295 /* Frameworks */ = {
			isa = PBXFrameworksBuildPhase;
			buildActionMask = 2147483647;
			files = (
			);
			runOnlyForDeploymentPostprocessing = 0;
		};
		3B08EF262CEFB2350044A295 /* Frameworks */ = {
			isa = PBXFrameworksBuildPhase;
			buildActionMask = 2147483647;
			files = (
			);
			runOnlyForDeploymentPostprocessing = 0;
		};
		3B08EF302CEFB2350044A295 /* Frameworks */ = {
			isa = PBXFrameworksBuildPhase;
			buildActionMask = 2147483647;
			files = (
			);
			runOnlyForDeploymentPostprocessing = 0;
		};
/* End PBXFrameworksBuildPhase section */

/* Begin PBXGroup section */
		3B08EF102CEFB2340044A295 = {
			isa = PBXGroup;
			children = (
				3B08EF1B2CEFB2340044A295 /* COMP-49X-24-25-PhoneArt */,
				3B08EF2C2CEFB2350044A295 /* COMP-49X-24-25-PhoneArtTests */,
				3B08EF362CEFB2350044A295 /* COMP-49X-24-25-PhoneArtUITests */,
				3B08EF1A2CEFB2340044A295 /* Products */,
			);
			sourceTree = "<group>";
		};
		3B08EF1A2CEFB2340044A295 /* Products */ = {
			isa = PBXGroup;
			children = (
				3B08EF192CEFB2340044A295 /* COMP-49X-24-25-PhoneArt.app */,
				3B08EF292CEFB2350044A295 /* COMP-49X-24-25-PhoneArtTests.xctest */,
				3B08EF332CEFB2350044A295 /* COMP-49X-24-25-PhoneArtUITests.xctest */,
			);
			name = Products;
			sourceTree = "<group>";
		};
/* End PBXGroup section */

/* Begin PBXNativeTarget section */
		3B08EF182CEFB2340044A295 /* COMP-49X-24-25-PhoneArt */ = {
			isa = PBXNativeTarget;
			buildConfigurationList = 3B08EF3D2CEFB2350044A295 /* Build configuration list for PBXNativeTarget "COMP-49X-24-25-PhoneArt" */;
			buildPhases = (
				3B08EF152CEFB2340044A295 /* Sources */,
				3B08EF162CEFB2340044A295 /* Frameworks */,
				3B08EF172CEFB2340044A295 /* Resources */,
			);
			buildRules = (
			);
			dependencies = (
			);
			fileSystemSynchronizedGroups = (
				3B08EF1B2CEFB2340044A295 /* COMP-49X-24-25-PhoneArt */,
			);
			name = "COMP-49X-24-25-PhoneArt";
			packageProductDependencies = (
			);
			productName = "COMP-49X-24-25-PhoneArt";
			productReference = 3B08EF192CEFB2340044A295 /* COMP-49X-24-25-PhoneArt.app */;
			productType = "com.apple.product-type.application";
		};
		3B08EF282CEFB2350044A295 /* COMP-49X-24-25-PhoneArtTests */ = {
			isa = PBXNativeTarget;
			buildConfigurationList = 3B08EF402CEFB2350044A295 /* Build configuration list for PBXNativeTarget "COMP-49X-24-25-PhoneArtTests" */;
			buildPhases = (
				3B08EF252CEFB2350044A295 /* Sources */,
				3B08EF262CEFB2350044A295 /* Frameworks */,
				3B08EF272CEFB2350044A295 /* Resources */,
			);
			buildRules = (
			);
			dependencies = (
				3B08EF2B2CEFB2350044A295 /* PBXTargetDependency */,
			);
			fileSystemSynchronizedGroups = (
				3B08EF2C2CEFB2350044A295 /* COMP-49X-24-25-PhoneArtTests */,
			);
			name = "COMP-49X-24-25-PhoneArtTests";
			packageProductDependencies = (
			);
			productName = "COMP-49X-24-25-PhoneArtTests";
			productReference = 3B08EF292CEFB2350044A295 /* COMP-49X-24-25-PhoneArtTests.xctest */;
			productType = "com.apple.product-type.bundle.unit-test";
		};
		3B08EF322CEFB2350044A295 /* COMP-49X-24-25-PhoneArtUITests */ = {
			isa = PBXNativeTarget;
			buildConfigurationList = 3B08EF432CEFB2350044A295 /* Build configuration list for PBXNativeTarget "COMP-49X-24-25-PhoneArtUITests" */;
			buildPhases = (
				3B08EF2F2CEFB2350044A295 /* Sources */,
				3B08EF302CEFB2350044A295 /* Frameworks */,
				3B08EF312CEFB2350044A295 /* Resources */,
			);
			buildRules = (
			);
			dependencies = (
				3B08EF352CEFB2350044A295 /* PBXTargetDependency */,
			);
			fileSystemSynchronizedGroups = (
				3B08EF362CEFB2350044A295 /* COMP-49X-24-25-PhoneArtUITests */,
			);
			name = "COMP-49X-24-25-PhoneArtUITests";
			packageProductDependencies = (
			);
			productName = "COMP-49X-24-25-PhoneArtUITests";
			productReference = 3B08EF332CEFB2350044A295 /* COMP-49X-24-25-PhoneArtUITests.xctest */;
			productType = "com.apple.product-type.bundle.ui-testing";
		};
/* End PBXNativeTarget section */

/* Begin PBXProject section */
		3B08EF112CEFB2340044A295 /* Project object */ = {
			isa = PBXProject;
			attributes = {
				BuildIndependentTargetsInParallel = 1;
				LastSwiftUpdateCheck = 1610;
				LastUpgradeCheck = 1610;
				TargetAttributes = {
					3B08EF182CEFB2340044A295 = {
						CreatedOnToolsVersion = 16.1;
					};
					3B08EF282CEFB2350044A295 = {
						CreatedOnToolsVersion = 16.1;
						TestTargetID = 3B08EF182CEFB2340044A295;
					};
					3B08EF322CEFB2350044A295 = {
						CreatedOnToolsVersion = 16.1;
						TestTargetID = 3B08EF182CEFB2340044A295;
					};
				};
			};
			buildConfigurationList = 3B08EF142CEFB2340044A295 /* Build configuration list for PBXProject "COMP-49X-24-25-PhoneArt" */;
			developmentRegion = en;
			hasScannedForEncodings = 0;
			knownRegions = (
				en,
				Base,
			);
			mainGroup = 3B08EF102CEFB2340044A295;
			minimizedProjectReferenceProxies = 1;
			packageReferences = (
				3B8682D82D07E1C600083D05 /* XCRemoteSwiftPackageReference "SwiftLintPlugins" */,
			);
			preferredProjectObjectVersion = 77;
			productRefGroup = 3B08EF1A2CEFB2340044A295 /* Products */;
			projectDirPath = "";
			projectRoot = "";
			targets = (
				3B08EF182CEFB2340044A295 /* COMP-49X-24-25-PhoneArt */,
				3B08EF282CEFB2350044A295 /* COMP-49X-24-25-PhoneArtTests */,
				3B08EF322CEFB2350044A295 /* COMP-49X-24-25-PhoneArtUITests */,
			);
		};
/* End PBXProject section */

/* Begin PBXResourcesBuildPhase section */
		3B08EF172CEFB2340044A295 /* Resources */ = {
			isa = PBXResourcesBuildPhase;
			buildActionMask = 2147483647;
			files = (
			);
			runOnlyForDeploymentPostprocessing = 0;
		};
		3B08EF272CEFB2350044A295 /* Resources */ = {
			isa = PBXResourcesBuildPhase;
			buildActionMask = 2147483647;
			files = (
			);
			runOnlyForDeploymentPostprocessing = 0;
		};
		3B08EF312CEFB2350044A295 /* Resources */ = {
			isa = PBXResourcesBuildPhase;
			buildActionMask = 2147483647;
			files = (
			);
			runOnlyForDeploymentPostprocessing = 0;
		};
/* End PBXResourcesBuildPhase section */

/* Begin PBXSourcesBuildPhase section */
		3B08EF152CEFB2340044A295 /* Sources */ = {
			isa = PBXSourcesBuildPhase;
			buildActionMask = 2147483647;
			files = (
			);
			runOnlyForDeploymentPostprocessing = 0;
		};
		3B08EF252CEFB2350044A295 /* Sources */ = {
			isa = PBXSourcesBuildPhase;
			buildActionMask = 2147483647;
			files = (
			);
			runOnlyForDeploymentPostprocessing = 0;
		};
		3B08EF2F2CEFB2350044A295 /* Sources */ = {
			isa = PBXSourcesBuildPhase;
			buildActionMask = 2147483647;
			files = (
			);
			runOnlyForDeploymentPostprocessing = 0;
		};
/* End PBXSourcesBuildPhase section */

/* Begin PBXTargetDependency section */
		3B08EF2B2CEFB2350044A295 /* PBXTargetDependency */ = {
			isa = PBXTargetDependency;
			target = 3B08EF182CEFB2340044A295 /* COMP-49X-24-25-PhoneArt */;
			targetProxy = 3B08EF2A2CEFB2350044A295 /* PBXContainerItemProxy */;
		};
		3B08EF352CEFB2350044A295 /* PBXTargetDependency */ = {
			isa = PBXTargetDependency;
			target = 3B08EF182CEFB2340044A295 /* COMP-49X-24-25-PhoneArt */;
			targetProxy = 3B08EF342CEFB2350044A295 /* PBXContainerItemProxy */;
		};
/* End PBXTargetDependency section */

/* Begin XCBuildConfiguration section */
		3B08EF3B2CEFB2350044A295 /* Debug */ = {
			isa = XCBuildConfiguration;
			buildSettings = {
				ALWAYS_SEARCH_USER_PATHS = NO;
				ASSETCATALOG_COMPILER_GENERATE_SWIFT_ASSET_SYMBOL_EXTENSIONS = YES;
				CLANG_ANALYZER_NONNULL = YES;
				CLANG_ANALYZER_NUMBER_OBJECT_CONVERSION = YES_AGGRESSIVE;
				CLANG_CXX_LANGUAGE_STANDARD = "gnu++20";
				CLANG_ENABLE_MODULES = YES;
				CLANG_ENABLE_OBJC_ARC = YES;
				CLANG_ENABLE_OBJC_WEAK = YES;
				CLANG_WARN_BLOCK_CAPTURE_AUTORELEASING = YES;
				CLANG_WARN_BOOL_CONVERSION = YES;
				CLANG_WARN_COMMA = YES;
				CLANG_WARN_CONSTANT_CONVERSION = YES;
				CLANG_WARN_DEPRECATED_OBJC_IMPLEMENTATIONS = YES;
				CLANG_WARN_DIRECT_OBJC_ISA_USAGE = YES_ERROR;
				CLANG_WARN_DOCUMENTATION_COMMENTS = YES;
				CLANG_WARN_EMPTY_BODY = YES;
				CLANG_WARN_ENUM_CONVERSION = YES;
				CLANG_WARN_INFINITE_RECURSION = YES;
				CLANG_WARN_INT_CONVERSION = YES;
				CLANG_WARN_NON_LITERAL_NULL_CONVERSION = YES;
				CLANG_WARN_OBJC_IMPLICIT_RETAIN_SELF = YES;
				CLANG_WARN_OBJC_LITERAL_CONVERSION = YES;
				CLANG_WARN_OBJC_ROOT_CLASS = YES_ERROR;
				CLANG_WARN_QUOTED_INCLUDE_IN_FRAMEWORK_HEADER = YES;
				CLANG_WARN_RANGE_LOOP_ANALYSIS = YES;
				CLANG_WARN_STRICT_PROTOTYPES = YES;
				CLANG_WARN_SUSPICIOUS_MOVE = YES;
				CLANG_WARN_UNGUARDED_AVAILABILITY = YES_AGGRESSIVE;
				CLANG_WARN_UNREACHABLE_CODE = YES;
				CLANG_WARN__DUPLICATE_METHOD_MATCH = YES;
				COPY_PHASE_STRIP = NO;
				DEBUG_INFORMATION_FORMAT = dwarf;
				ENABLE_STRICT_OBJC_MSGSEND = YES;
				ENABLE_TESTABILITY = YES;
				ENABLE_USER_SCRIPT_SANDBOXING = YES;
				GCC_C_LANGUAGE_STANDARD = gnu17;
				GCC_DYNAMIC_NO_PIC = NO;
				GCC_NO_COMMON_BLOCKS = YES;
				GCC_OPTIMIZATION_LEVEL = 0;
				GCC_PREPROCESSOR_DEFINITIONS = (
					"DEBUG=1",
					"$(inherited)",
				);
				GCC_WARN_64_TO_32_BIT_CONVERSION = YES;
				GCC_WARN_ABOUT_RETURN_TYPE = YES_ERROR;
				GCC_WARN_UNDECLARED_SELECTOR = YES;
				GCC_WARN_UNINITIALIZED_AUTOS = YES_AGGRESSIVE;
				GCC_WARN_UNUSED_FUNCTION = YES;
				GCC_WARN_UNUSED_VARIABLE = YES;
				IPHONEOS_DEPLOYMENT_TARGET = 18.1;
				LOCALIZATION_PREFERS_STRING_CATALOGS = YES;
				MTL_ENABLE_DEBUG_INFO = INCLUDE_SOURCE;
				MTL_FAST_MATH = YES;
				ONLY_ACTIVE_ARCH = YES;
				SDKROOT = iphoneos;
				SWIFT_ACTIVE_COMPILATION_CONDITIONS = "DEBUG $(inherited)";
				SWIFT_OPTIMIZATION_LEVEL = "-Onone";
			};
			name = Debug;
		};
		3B08EF3C2CEFB2350044A295 /* Release */ = {
			isa = XCBuildConfiguration;
			buildSettings = {
				ALWAYS_SEARCH_USER_PATHS = NO;
				ASSETCATALOG_COMPILER_GENERATE_SWIFT_ASSET_SYMBOL_EXTENSIONS = YES;
				CLANG_ANALYZER_NONNULL = YES;
				CLANG_ANALYZER_NUMBER_OBJECT_CONVERSION = YES_AGGRESSIVE;
				CLANG_CXX_LANGUAGE_STANDARD = "gnu++20";
				CLANG_ENABLE_MODULES = YES;
				CLANG_ENABLE_OBJC_ARC = YES;
				CLANG_ENABLE_OBJC_WEAK = YES;
				CLANG_WARN_BLOCK_CAPTURE_AUTORELEASING = YES;
				CLANG_WARN_BOOL_CONVERSION = YES;
				CLANG_WARN_COMMA = YES;
				CLANG_WARN_CONSTANT_CONVERSION = YES;
				CLANG_WARN_DEPRECATED_OBJC_IMPLEMENTATIONS = YES;
				CLANG_WARN_DIRECT_OBJC_ISA_USAGE = YES_ERROR;
				CLANG_WARN_DOCUMENTATION_COMMENTS = YES;
				CLANG_WARN_EMPTY_BODY = YES;
				CLANG_WARN_ENUM_CONVERSION = YES;
				CLANG_WARN_INFINITE_RECURSION = YES;
				CLANG_WARN_INT_CONVERSION = YES;
				CLANG_WARN_NON_LITERAL_NULL_CONVERSION = YES;
				CLANG_WARN_OBJC_IMPLICIT_RETAIN_SELF = YES;
				CLANG_WARN_OBJC_LITERAL_CONVERSION = YES;
				CLANG_WARN_OBJC_ROOT_CLASS = YES_ERROR;
				CLANG_WARN_QUOTED_INCLUDE_IN_FRAMEWORK_HEADER = YES;
				CLANG_WARN_RANGE_LOOP_ANALYSIS = YES;
				CLANG_WARN_STRICT_PROTOTYPES = YES;
				CLANG_WARN_SUSPICIOUS_MOVE = YES;
				CLANG_WARN_UNGUARDED_AVAILABILITY = YES_AGGRESSIVE;
				CLANG_WARN_UNREACHABLE_CODE = YES;
				CLANG_WARN__DUPLICATE_METHOD_MATCH = YES;
				COPY_PHASE_STRIP = NO;
				DEBUG_INFORMATION_FORMAT = "dwarf-with-dsym";
				ENABLE_NS_ASSERTIONS = NO;
				ENABLE_STRICT_OBJC_MSGSEND = YES;
				ENABLE_USER_SCRIPT_SANDBOXING = YES;
				GCC_C_LANGUAGE_STANDARD = gnu17;
				GCC_NO_COMMON_BLOCKS = YES;
				GCC_WARN_64_TO_32_BIT_CONVERSION = YES;
				GCC_WARN_ABOUT_RETURN_TYPE = YES_ERROR;
				GCC_WARN_UNDECLARED_SELECTOR = YES;
				GCC_WARN_UNINITIALIZED_AUTOS = YES_AGGRESSIVE;
				GCC_WARN_UNUSED_FUNCTION = YES;
				GCC_WARN_UNUSED_VARIABLE = YES;
				IPHONEOS_DEPLOYMENT_TARGET = 18.1;
				LOCALIZATION_PREFERS_STRING_CATALOGS = YES;
				MTL_ENABLE_DEBUG_INFO = NO;
				MTL_FAST_MATH = YES;
				SDKROOT = iphoneos;
				SWIFT_COMPILATION_MODE = wholemodule;
				VALIDATE_PRODUCT = YES;
			};
			name = Release;
		};
		3B08EF3E2CEFB2350044A295 /* Debug */ = {
			isa = XCBuildConfiguration;
			buildSettings = {
				ASSETCATALOG_COMPILER_APPICON_NAME = AppIcon;
				ASSETCATALOG_COMPILER_GLOBAL_ACCENT_COLOR_NAME = AccentColor;
				CODE_SIGN_STYLE = Automatic;
				CURRENT_PROJECT_VERSION = 1;
				DEVELOPMENT_ASSET_PATHS = "\"COMP-49X-24-25-PhoneArt/Preview Content\"";
				ENABLE_PREVIEWS = YES;
				GENERATE_INFOPLIST_FILE = YES;
				INFOPLIST_KEY_UIApplicationSceneManifest_Generation = YES;
				INFOPLIST_KEY_UIApplicationSupportsIndirectInputEvents = YES;
				INFOPLIST_KEY_UILaunchScreen_Generation = YES;
				INFOPLIST_KEY_UISupportedInterfaceOrientations_iPad = "UIInterfaceOrientationPortrait UIInterfaceOrientationPortraitUpsideDown UIInterfaceOrientationLandscapeLeft UIInterfaceOrientationLandscapeRight";
				INFOPLIST_KEY_UISupportedInterfaceOrientations_iPhone = "UIInterfaceOrientationPortrait UIInterfaceOrientationLandscapeLeft UIInterfaceOrientationLandscapeRight";
				LD_RUNPATH_SEARCH_PATHS = (
					"$(inherited)",
					"@executable_path/Frameworks",
				);
				MARKETING_VERSION = 1.0;
				PRODUCT_BUNDLE_IDENTIFIER = "sandiego.COMP-49X-24-25-PhoneArt";
				PRODUCT_NAME = "$(TARGET_NAME)";
				SWIFT_EMIT_LOC_STRINGS = YES;
				SWIFT_VERSION = 5.0;
				TARGETED_DEVICE_FAMILY = "1,2";
			};
			name = Debug;
		};
		3B08EF3F2CEFB2350044A295 /* Release */ = {
			isa = XCBuildConfiguration;
			buildSettings = {
				ASSETCATALOG_COMPILER_APPICON_NAME = AppIcon;
				ASSETCATALOG_COMPILER_GLOBAL_ACCENT_COLOR_NAME = AccentColor;
				CODE_SIGN_STYLE = Automatic;
				CURRENT_PROJECT_VERSION = 1;
				DEVELOPMENT_ASSET_PATHS = "\"COMP-49X-24-25-PhoneArt/Preview Content\"";
				ENABLE_PREVIEWS = YES;
				GENERATE_INFOPLIST_FILE = YES;
				INFOPLIST_KEY_UIApplicationSceneManifest_Generation = YES;
				INFOPLIST_KEY_UIApplicationSupportsIndirectInputEvents = YES;
				INFOPLIST_KEY_UILaunchScreen_Generation = YES;
				INFOPLIST_KEY_UISupportedInterfaceOrientations_iPad = "UIInterfaceOrientationPortrait UIInterfaceOrientationPortraitUpsideDown UIInterfaceOrientationLandscapeLeft UIInterfaceOrientationLandscapeRight";
				INFOPLIST_KEY_UISupportedInterfaceOrientations_iPhone = "UIInterfaceOrientationPortrait UIInterfaceOrientationLandscapeLeft UIInterfaceOrientationLandscapeRight";
				LD_RUNPATH_SEARCH_PATHS = (
					"$(inherited)",
					"@executable_path/Frameworks",
				);
				MARKETING_VERSION = 1.0;
				PRODUCT_BUNDLE_IDENTIFIER = "sandiego.COMP-49X-24-25-PhoneArt";
				PRODUCT_NAME = "$(TARGET_NAME)";
				SWIFT_EMIT_LOC_STRINGS = YES;
				SWIFT_VERSION = 5.0;
				TARGETED_DEVICE_FAMILY = "1,2";
			};
			name = Release;
		};
		3B08EF412CEFB2350044A295 /* Debug */ = {
			isa = XCBuildConfiguration;
			buildSettings = {
				BUNDLE_LOADER = "$(TEST_HOST)";
				CODE_SIGN_STYLE = Automatic;
				CURRENT_PROJECT_VERSION = 1;
				GENERATE_INFOPLIST_FILE = YES;
				IPHONEOS_DEPLOYMENT_TARGET = 18.1;
				MARKETING_VERSION = 1.0;
				PRODUCT_BUNDLE_IDENTIFIER = "sandiego.COMP-49X-24-25-PhoneArtTests";
				PRODUCT_NAME = "$(TARGET_NAME)";
				SWIFT_EMIT_LOC_STRINGS = NO;
				SWIFT_VERSION = 5.0;
				TARGETED_DEVICE_FAMILY = "1,2";
				TEST_HOST = "$(BUILT_PRODUCTS_DIR)/COMP-49X-24-25-PhoneArt.app/$(BUNDLE_EXECUTABLE_FOLDER_PATH)/COMP-49X-24-25-PhoneArt";
			};
			name = Debug;
		};
		3B08EF422CEFB2350044A295 /* Release */ = {
			isa = XCBuildConfiguration;
			buildSettings = {
				BUNDLE_LOADER = "$(TEST_HOST)";
				CODE_SIGN_STYLE = Automatic;
				CURRENT_PROJECT_VERSION = 1;
				GENERATE_INFOPLIST_FILE = YES;
				IPHONEOS_DEPLOYMENT_TARGET = 18.1;
				MARKETING_VERSION = 1.0;
				PRODUCT_BUNDLE_IDENTIFIER = "sandiego.COMP-49X-24-25-PhoneArtTests";
				PRODUCT_NAME = "$(TARGET_NAME)";
				SWIFT_EMIT_LOC_STRINGS = NO;
				SWIFT_VERSION = 5.0;
				TARGETED_DEVICE_FAMILY = "1,2";
				TEST_HOST = "$(BUILT_PRODUCTS_DIR)/COMP-49X-24-25-PhoneArt.app/$(BUNDLE_EXECUTABLE_FOLDER_PATH)/COMP-49X-24-25-PhoneArt";
			};
			name = Release;
		};
		3B08EF442CEFB2350044A295 /* Debug */ = {
			isa = XCBuildConfiguration;
			buildSettings = {
				CODE_SIGN_STYLE = Automatic;
				CURRENT_PROJECT_VERSION = 1;
				GENERATE_INFOPLIST_FILE = YES;
				MARKETING_VERSION = 1.0;
				PRODUCT_BUNDLE_IDENTIFIER = "sandiego.COMP-49X-24-25-PhoneArtUITests";
				PRODUCT_NAME = "$(TARGET_NAME)";
				SWIFT_EMIT_LOC_STRINGS = NO;
				SWIFT_VERSION = 5.0;
				TARGETED_DEVICE_FAMILY = "1,2";
				TEST_TARGET_NAME = "COMP-49X-24-25-PhoneArt";
			};
			name = Debug;
		};
		3B08EF452CEFB2350044A295 /* Release */ = {
			isa = XCBuildConfiguration;
			buildSettings = {
				CODE_SIGN_STYLE = Automatic;
				CURRENT_PROJECT_VERSION = 1;
				GENERATE_INFOPLIST_FILE = YES;
				MARKETING_VERSION = 1.0;
				PRODUCT_BUNDLE_IDENTIFIER = "sandiego.COMP-49X-24-25-PhoneArtUITests";
				PRODUCT_NAME = "$(TARGET_NAME)";
				SWIFT_EMIT_LOC_STRINGS = NO;
				SWIFT_VERSION = 5.0;
				TARGETED_DEVICE_FAMILY = "1,2";
				TEST_TARGET_NAME = "COMP-49X-24-25-PhoneArt";
			};
			name = Release;
		};
/* End XCBuildConfiguration section */

/* Begin XCConfigurationList section */
		3B08EF142CEFB2340044A295 /* Build configuration list for PBXProject "COMP-49X-24-25-PhoneArt" */ = {
			isa = XCConfigurationList;
			buildConfigurations = (
				3B08EF3B2CEFB2350044A295 /* Debug */,
				3B08EF3C2CEFB2350044A295 /* Release */,
			);
			defaultConfigurationIsVisible = 0;
			defaultConfigurationName = Release;
		};
		3B08EF3D2CEFB2350044A295 /* Build configuration list for PBXNativeTarget "COMP-49X-24-25-PhoneArt" */ = {
			isa = XCConfigurationList;
			buildConfigurations = (
				3B08EF3E2CEFB2350044A295 /* Debug */,
				3B08EF3F2CEFB2350044A295 /* Release */,
			);
			defaultConfigurationIsVisible = 0;
			defaultConfigurationName = Release;
		};
		3B08EF402CEFB2350044A295 /* Build configuration list for PBXNativeTarget "COMP-49X-24-25-PhoneArtTests" */ = {
			isa = XCConfigurationList;
			buildConfigurations = (
				3B08EF412CEFB2350044A295 /* Debug */,
				3B08EF422CEFB2350044A295 /* Release */,
			);
			defaultConfigurationIsVisible = 0;
			defaultConfigurationName = Release;
		};
		3B08EF432CEFB2350044A295 /* Build configuration list for PBXNativeTarget "COMP-49X-24-25-PhoneArtUITests" */ = {
			isa = XCConfigurationList;
			buildConfigurations = (
				3B08EF442CEFB2350044A295 /* Debug */,
				3B08EF452CEFB2350044A295 /* Release */,
			);
			defaultConfigurationIsVisible = 0;
			defaultConfigurationName = Release;
		};
/* End XCConfigurationList section */

/* Begin XCRemoteSwiftPackageReference section */
		3B8682D82D07E1C600083D05 /* XCRemoteSwiftPackageReference "SwiftLintPlugins" */ = {
			isa = XCRemoteSwiftPackageReference;
			repositoryURL = "https://github.com/SimplyDanny/SwiftLintPlugins";
			requirement = {
				kind = upToNextMajorVersion;
				minimumVersion = 0.57.1;
			};
		};
/* End XCRemoteSwiftPackageReference section */
	};
	rootObject = 3B08EF112CEFB2340044A295 /* Project object */;
}
